
Microsoft Visual Studio Solution File, Format Version 12.00
# Visual Studio Version 17
VisualStudioVersion = 17.5.002.0
MinimumVisualStudioVersion = 10.0.40219.1
Project("{9A19103F-16F7-4668-BE54-9A1E7A4F7556}") = "client1", "client1.csproj", "{6F756474-C7FD-48B4-8563-9C64855012CF}"
EndProject
Global
	GlobalSection(SolutionConfigurationPlatforms) = preSolution
		Debug|Any CPU = Debug|Any CPU
		Release|Any CPU = Release|Any CPU
	EndGlobalSection
	GlobalSection(ProjectConfigurationPlatforms) = postSolution
		{6F756474-C7FD-48B4-8563-9C64855012CF}.Debug|Any CPU.ActiveCfg = Debug|Any CPU
		{6F756474-C7FD-48B4-8563-9C64855012CF}.Debug|Any CPU.Build.0 = Debug|Any CPU
		{6F756474-C7FD-48B4-8563-9C64855012CF}.Release|Any CPU.ActiveCfg = Release|Any CPU
		{6F756474-C7FD-48B4-8563-9C64855012CF}.Release|Any CPU.Build.0 = Release|Any CPU
	EndGlobalSection
	GlobalSection(SolutionProperties) = preSolution
		HideSolutionNode = FALSE
	EndGlobalSection
	GlobalSection(ExtensibilityGlobals) = postSolution
		SolutionGuid = {FE17831C-3B4C-4BD1-BC18-8034A2957E7A}
	EndGlobalSection
EndGlobal
