Microsoft Visual Studio Solution File, Format Version 12.00
# Visual Studio Version 17
VisualStudioVersion = 17.5.2.0
MinimumVisualStudioVersion = 10.0.40219.1
Project("{FAE04EC0-301F-11D3-BF4B-00C04F79EFBC}") = "client2", "client2.csproj", "{45F457B5-059C-F55B-916F-1827D1671657}"
EndProject
Global
	GlobalSection(SolutionConfigurationPlatforms) = preSolution
		Debug|Any CPU = Debug|Any CPU
		Release|Any CPU = Release|Any CPU
	EndGlobalSection
	GlobalSection(ProjectConfigurationPlatforms) = postSolution
		{45F457B5-059C-F55B-916F-1827D1671657}.Debug|Any CPU.ActiveCfg = Debug|Any CPU
		{45F457B5-059C-F55B-916F-1827D1671657}.Debug|Any CPU.Build.0 = Debug|Any CPU
		{45F457B5-059C-F55B-916F-1827D1671657}.Release|Any CPU.ActiveCfg = Release|Any CPU
		{45F457B5-059C-F55B-916F-1827D1671657}.Release|Any CPU.Build.0 = Release|Any CPU
	EndGlobalSection
	GlobalSection(SolutionProperties) = preSolution
		HideSolutionNode = FALSE
	EndGlobalSection
	GlobalSection(ExtensibilityGlobals) = postSolution
		SolutionGuid = {CAE80C9C-35C8-4260-B1C0-09A83653B1CC}
	EndGlobalSection
EndGlobal
